
Microsoft Visual Studio Solution File, Format Version 12.00
# Visual Studio Version 17
VisualStudioVersion = 17.7.34009.444
MinimumVisualStudioVersion = 10.0.40219.1
Project("{2150E333-8FDC-42A3-9474-1A3956D46DE8}") = "src", "src", "{CD9B3C10-3768-46AA-A923-2BA769852D8F}"
EndProject
Project("{FAE04EC0-301F-11D3-BF4B-00C04F79EFBC}") = "ComandaPlus-Core", "src\ComandaPlus-Core\ComandaPlus-Core.csproj", "{69CBADE5-D1BF-4A52-B5C3-18F9132BEBB9}"
EndProject
Project("{FAE04EC0-301F-11D3-BF4B-00C04F79EFBC}") = "ComandaPlus-Data", "src\ComandaPlus-Data\ComandaPlus-Data.csproj", "{79AC3C38-1F88-41F1-86B5-18B468D65654}"
EndProject
Project("{FAE04EC0-301F-11D3-BF4B-00C04F79EFBC}") = "ComandaPlus-IoC", "src\ComandaPlus-IoC\ComandaPlus-IoC.csproj", "{F7EA6C74-226A-4E2D-B3DF-1E26562D3478}"
EndProject
Project("{FAE04EC0-301F-11D3-BF4B-00C04F79EFBC}") = "ComandaPlus-API", "src\ComandaPlus-API\ComandaPlus-API.csproj", "{653D6D35-1091-40C5-BE43-632B62FA1540}"
EndProject
Project("{2150E333-8FDC-42A3-9474-1A3956D46DE8}") = "test", "test", "{D792AE57-7F1D-4C0F-A279-F30086093E73}"
EndProject
Project("{FAE04EC0-301F-11D3-BF4B-00C04F79EFBC}") = "UnitTests", "test\UnitTests\UnitTests.csproj", "{92AB924B-395F-453C-B5CC-A286C95A8CEF}"
EndProject
Global
	GlobalSection(SolutionConfigurationPlatforms) = preSolution
		Debug|Any CPU = Debug|Any CPU
		Release|Any CPU = Release|Any CPU
	EndGlobalSection
	GlobalSection(ProjectConfigurationPlatforms) = postSolution
		{69CBADE5-D1BF-4A52-B5C3-18F9132BEBB9}.Debug|Any CPU.ActiveCfg = Debug|Any CPU
		{69CBADE5-D1BF-4A52-B5C3-18F9132BEBB9}.Debug|Any CPU.Build.0 = Debug|Any CPU
		{69CBADE5-D1BF-4A52-B5C3-18F9132BEBB9}.Release|Any CPU.ActiveCfg = Release|Any CPU
		{69CBADE5-D1BF-4A52-B5C3-18F9132BEBB9}.Release|Any CPU.Build.0 = Release|Any CPU
		{79AC3C38-1F88-41F1-86B5-18B468D65654}.Debug|Any CPU.ActiveCfg = Debug|Any CPU
		{79AC3C38-1F88-41F1-86B5-18B468D65654}.Debug|Any CPU.Build.0 = Debug|Any CPU
		{79AC3C38-1F88-41F1-86B5-18B468D65654}.Release|Any CPU.ActiveCfg = Release|Any CPU
		{79AC3C38-1F88-41F1-86B5-18B468D65654}.Release|Any CPU.Build.0 = Release|Any CPU
		{F7EA6C74-226A-4E2D-B3DF-1E26562D3478}.Debug|Any CPU.ActiveCfg = Debug|Any CPU
		{F7EA6C74-226A-4E2D-B3DF-1E26562D3478}.Debug|Any CPU.Build.0 = Debug|Any CPU
		{F7EA6C74-226A-4E2D-B3DF-1E26562D3478}.Release|Any CPU.ActiveCfg = Release|Any CPU
		{F7EA6C74-226A-4E2D-B3DF-1E26562D3478}.Release|Any CPU.Build.0 = Release|Any CPU
		{653D6D35-1091-40C5-BE43-632B62FA1540}.Debug|Any CPU.ActiveCfg = Debug|Any CPU
		{653D6D35-1091-40C5-BE43-632B62FA1540}.Debug|Any CPU.Build.0 = Debug|Any CPU
		{653D6D35-1091-40C5-BE43-632B62FA1540}.Release|Any CPU.ActiveCfg = Release|Any CPU
		{653D6D35-1091-40C5-BE43-632B62FA1540}.Release|Any CPU.Build.0 = Release|Any CPU
		{92AB924B-395F-453C-B5CC-A286C95A8CEF}.Debug|Any CPU.ActiveCfg = Debug|Any CPU
		{92AB924B-395F-453C-B5CC-A286C95A8CEF}.Debug|Any CPU.Build.0 = Debug|Any CPU
		{92AB924B-395F-453C-B5CC-A286C95A8CEF}.Release|Any CPU.ActiveCfg = Release|Any CPU
		{92AB924B-395F-453C-B5CC-A286C95A8CEF}.Release|Any CPU.Build.0 = Release|Any CPU
	EndGlobalSection
	GlobalSection(SolutionProperties) = preSolution
		HideSolutionNode = FALSE
	EndGlobalSection
	GlobalSection(NestedProjects) = preSolution
		{69CBADE5-D1BF-4A52-B5C3-18F9132BEBB9} = {CD9B3C10-3768-46AA-A923-2BA769852D8F}
		{79AC3C38-1F88-41F1-86B5-18B468D65654} = {CD9B3C10-3768-46AA-A923-2BA769852D8F}
		{F7EA6C74-226A-4E2D-B3DF-1E26562D3478} = {CD9B3C10-3768-46AA-A923-2BA769852D8F}
		{653D6D35-1091-40C5-BE43-632B62FA1540} = {CD9B3C10-3768-46AA-A923-2BA769852D8F}
		{92AB924B-395F-453C-B5CC-A286C95A8CEF} = {D792AE57-7F1D-4C0F-A279-F30086093E73}
	EndGlobalSection
	GlobalSection(ExtensibilityGlobals) = postSolution
		SolutionGuid = {59885CB0-26CC-42D3-8E9C-2413705BEBDB}
	EndGlobalSection
EndGlobal
